
Microsoft Visual Studio Solution File, Format Version 12.00
# Visual Studio 14
VisualStudioVersion = 14.0.25123.0
MinimumVisualStudioVersion = 10.0.40219.1
Project("{FAE04EC0-301F-11D3-BF4B-00C04F79EFBC}") = "CoreTestClient", "CoreTestClient\CoreTestClient.csproj", "{81852336-3F17-4E67-8A44-658E04D77606}"
EndProject
Global
	GlobalSection(SolutionConfigurationPlatforms) = preSolution
		Debug|Any CPU = Debug|Any CPU
		Release|Any CPU = Release|Any CPU
	EndGlobalSection
	GlobalSection(ProjectConfigurationPlatforms) = postSolution
		{81852336-3F17-4E67-8A44-658E04D77606}.Debug|Any CPU.ActiveCfg = Debug|Any CPU
		{81852336-3F17-4E67-8A44-658E04D77606}.Debug|Any CPU.Build.0 = Debug|Any CPU
		{81852336-3F17-4E67-8A44-658E04D77606}.Release|Any CPU.ActiveCfg = Release|Any CPU
		{81852336-3F17-4E67-8A44-658E04D77606}.Release|Any CPU.Build.0 = Release|Any CPU
	EndGlobalSection
	GlobalSection(SolutionProperties) = preSolution
		HideSolutionNode = FALSE
	EndGlobalSection
EndGlobal
