
Microsoft Visual Studio Solution File, Format Version 12.00
# Visual Studio Version 16
VisualStudioVersion = 16.0.29215.179
MinimumVisualStudioVersion = 10.0.40219.1
Project("{FAE04EC0-301F-11D3-BF4B-00C04F79EFBC}") = "CoreTestClient", "CoreTestClient\CoreTestClient.csproj", "{81852336-3F17-4E67-8A44-658E04D77606}"
	ProjectSection(ProjectDependencies) = postProject
		{0D4186A3-2123-4744-853B-53A48B3C9B55} = {0D4186A3-2123-4744-853B-53A48B3C9B55}
	EndProjectSection
EndProject
Project("{2150E333-8FDC-42A3-9474-1A3956D46DE8}") = "Tests", "Tests", "{2D47AABB-19AB-4DD9-86A0-E981CCF34EEB}"
EndProject
Project("{FAE04EC0-301F-11D3-BF4B-00C04F79EFBC}") = "AntMe.Runtime", "src\AntMe.Runtime\AntMe.Runtime.csproj", "{B15F5FBE-7460-4F89-AD30-CC3D135293B4}"
EndProject
Project("{FAE04EC0-301F-11D3-BF4B-00C04F79EFBC}") = "AntMe.Generator", "src\AntMe.Generator\AntMe.Generator.csproj", "{FA3D1283-C79D-47A1-81AF-265EB95D6D51}"
EndProject
Project("{FAE04EC0-301F-11D3-BF4B-00C04F79EFBC}") = "AntMe.Levelpack", "src\AntMe.Levelpack\AntMe.Levelpack.csproj", "{0D4186A3-2123-4744-853B-53A48B3C9B55}"
EndProject
Project("{9A19103F-16F7-4668-BE54-9A1E7A4F7556}") = "AntMe.Core", "src\AntMe.Core\AntMe.Core.csproj", "{98CB8F24-2D2E-469E-8096-7AB538829358}"
EndProject
Project("{9A19103F-16F7-4668-BE54-9A1E7A4F7556}") = "AntMe.Basics", "src\AntMe.Basics\AntMe.Basics.csproj", "{77C997C2-C2C7-4E55-BB99-AF36359C4EE5}"
EndProject
Project("{9A19103F-16F7-4668-BE54-9A1E7A4F7556}") = "AntMe.Extension.Community", "src\AntMe.Extension.Community\AntMe.Extension.Community.csproj", "{6B5BD43F-EB90-4940-A408-60BFAF8A9D18}"
EndProject
Global
	GlobalSection(SolutionConfigurationPlatforms) = preSolution
		Debug|Any CPU = Debug|Any CPU
		Release|Any CPU = Release|Any CPU
	EndGlobalSection
	GlobalSection(ProjectConfigurationPlatforms) = postSolution
		{81852336-3F17-4E67-8A44-658E04D77606}.Debug|Any CPU.ActiveCfg = Debug|Any CPU
		{81852336-3F17-4E67-8A44-658E04D77606}.Debug|Any CPU.Build.0 = Debug|Any CPU
		{81852336-3F17-4E67-8A44-658E04D77606}.Release|Any CPU.ActiveCfg = Release|Any CPU
		{81852336-3F17-4E67-8A44-658E04D77606}.Release|Any CPU.Build.0 = Release|Any CPU
		{B15F5FBE-7460-4F89-AD30-CC3D135293B4}.Debug|Any CPU.ActiveCfg = Debug|Any CPU
		{B15F5FBE-7460-4F89-AD30-CC3D135293B4}.Debug|Any CPU.Build.0 = Debug|Any CPU
		{B15F5FBE-7460-4F89-AD30-CC3D135293B4}.Release|Any CPU.ActiveCfg = Release|Any CPU
		{B15F5FBE-7460-4F89-AD30-CC3D135293B4}.Release|Any CPU.Build.0 = Release|Any CPU
		{FA3D1283-C79D-47A1-81AF-265EB95D6D51}.Debug|Any CPU.ActiveCfg = Debug|Any CPU
		{FA3D1283-C79D-47A1-81AF-265EB95D6D51}.Debug|Any CPU.Build.0 = Debug|Any CPU
		{FA3D1283-C79D-47A1-81AF-265EB95D6D51}.Release|Any CPU.ActiveCfg = Release|Any CPU
		{FA3D1283-C79D-47A1-81AF-265EB95D6D51}.Release|Any CPU.Build.0 = Release|Any CPU
		{0D4186A3-2123-4744-853B-53A48B3C9B55}.Debug|Any CPU.ActiveCfg = Debug|Any CPU
		{0D4186A3-2123-4744-853B-53A48B3C9B55}.Debug|Any CPU.Build.0 = Debug|Any CPU
		{0D4186A3-2123-4744-853B-53A48B3C9B55}.Release|Any CPU.ActiveCfg = Release|Any CPU
		{0D4186A3-2123-4744-853B-53A48B3C9B55}.Release|Any CPU.Build.0 = Release|Any CPU
		{98CB8F24-2D2E-469E-8096-7AB538829358}.Debug|Any CPU.ActiveCfg = Debug|Any CPU
		{98CB8F24-2D2E-469E-8096-7AB538829358}.Debug|Any CPU.Build.0 = Debug|Any CPU
		{98CB8F24-2D2E-469E-8096-7AB538829358}.Release|Any CPU.ActiveCfg = Release|Any CPU
		{98CB8F24-2D2E-469E-8096-7AB538829358}.Release|Any CPU.Build.0 = Release|Any CPU
		{77C997C2-C2C7-4E55-BB99-AF36359C4EE5}.Debug|Any CPU.ActiveCfg = Debug|Any CPU
		{77C997C2-C2C7-4E55-BB99-AF36359C4EE5}.Debug|Any CPU.Build.0 = Debug|Any CPU
		{77C997C2-C2C7-4E55-BB99-AF36359C4EE5}.Release|Any CPU.ActiveCfg = Release|Any CPU
		{77C997C2-C2C7-4E55-BB99-AF36359C4EE5}.Release|Any CPU.Build.0 = Release|Any CPU
		{6B5BD43F-EB90-4940-A408-60BFAF8A9D18}.Debug|Any CPU.ActiveCfg = Debug|Any CPU
		{6B5BD43F-EB90-4940-A408-60BFAF8A9D18}.Debug|Any CPU.Build.0 = Debug|Any CPU
		{6B5BD43F-EB90-4940-A408-60BFAF8A9D18}.Release|Any CPU.ActiveCfg = Release|Any CPU
		{6B5BD43F-EB90-4940-A408-60BFAF8A9D18}.Release|Any CPU.Build.0 = Release|Any CPU
	EndGlobalSection
	GlobalSection(SolutionProperties) = preSolution
		HideSolutionNode = FALSE
	EndGlobalSection
	GlobalSection(ExtensibilityGlobals) = postSolution
		SolutionGuid = {7590E899-A4B2-4119-9C45-737FCEDE1BD8}
	EndGlobalSection
EndGlobal
